
Microsoft Visual Studio Solution File, Format Version 12.00
# Visual Studio for Mac
Project("{FAE04EC0-301F-11D3-BF4B-00C04F79EFBC}") = "Tetris_Unity", "Assembly-CSharp.csproj", "{51071AAB-2A0C-34DA-9762-7D9954257F4C}"
EndProject
Project("{FAE04EC0-301F-11D3-BF4B-00C04F79EFBC}") = "Tetris_Unity", "Assembly-CSharp-Editor.csproj", "{3B9C96B0-0BE3-B3F6-C174-1067E7CCAC10}"
EndProject
Global
	GlobalSection(SolutionConfigurationPlatforms) = preSolution
		Debug|Any CPU = Debug|Any CPU
		Release|Any CPU = Release|Any CPU
	EndGlobalSection
	GlobalSection(ProjectConfigurationPlatforms) = postSolution
		{51071AAB-2A0C-34DA-9762-7D9954257F4C}.Debug|Any CPU.ActiveCfg = Debug|Any CPU
		{51071AAB-2A0C-34DA-9762-7D9954257F4C}.Debug|Any CPU.Build.0 = Debug|Any CPU
		{51071AAB-2A0C-34DA-9762-7D9954257F4C}.Release|Any CPU.ActiveCfg = Release|Any CPU
		{51071AAB-2A0C-34DA-9762-7D9954257F4C}.Release|Any CPU.Build.0 = Release|Any CPU
		{3B9C96B0-0BE3-B3F6-C174-1067E7CCAC10}.Debug|Any CPU.ActiveCfg = Debug|Any CPU
		{3B9C96B0-0BE3-B3F6-C174-1067E7CCAC10}.Debug|Any CPU.Build.0 = Debug|Any CPU
		{3B9C96B0-0BE3-B3F6-C174-1067E7CCAC10}.Release|Any CPU.ActiveCfg = Release|Any CPU
		{3B9C96B0-0BE3-B3F6-C174-1067E7CCAC10}.Release|Any CPU.Build.0 = Release|Any CPU
	EndGlobalSection
	GlobalSection(SolutionProperties) = preSolution
		HideSolutionNode = FALSE
	EndGlobalSection
EndGlobal
